
Microsoft Visual Studio Solution File, Format Version 12.00
# Visual Studio Version 16
VisualStudioVersion = 16.0.29613.14
MinimumVisualStudioVersion = 10.0.40219.1
Project("{FAE04EC0-301F-11D3-BF4B-00C04F79EFBC}") = "ASPcinema", "ASPcinema.csproj", "{05601E71-7E23-4E47-857C-BC4B4FE728A1}"
EndProject
Project("{FAE04EC0-301F-11D3-BF4B-00C04F79EFBC}") = "DbFillApp", "..\DbFillApp\DbFillApp.csproj", "{C1D5D980-CA06-4184-8F7F-71E76323BC1C}"
EndProject
Global
	GlobalSection(SolutionConfigurationPlatforms) = preSolution
		Debug|Any CPU = Debug|Any CPU
		Release|Any CPU = Release|Any CPU
	EndGlobalSection
	GlobalSection(ProjectConfigurationPlatforms) = postSolution
		{05601E71-7E23-4E47-857C-BC4B4FE728A1}.Debug|Any CPU.ActiveCfg = Debug|Any CPU
		{05601E71-7E23-4E47-857C-BC4B4FE728A1}.Debug|Any CPU.Build.0 = Debug|Any CPU
		{05601E71-7E23-4E47-857C-BC4B4FE728A1}.Release|Any CPU.ActiveCfg = Release|Any CPU
		{05601E71-7E23-4E47-857C-BC4B4FE728A1}.Release|Any CPU.Build.0 = Release|Any CPU
		{C1D5D980-CA06-4184-8F7F-71E76323BC1C}.Debug|Any CPU.ActiveCfg = Debug|Any CPU
		{C1D5D980-CA06-4184-8F7F-71E76323BC1C}.Debug|Any CPU.Build.0 = Debug|Any CPU
		{C1D5D980-CA06-4184-8F7F-71E76323BC1C}.Release|Any CPU.ActiveCfg = Release|Any CPU
		{C1D5D980-CA06-4184-8F7F-71E76323BC1C}.Release|Any CPU.Build.0 = Release|Any CPU
	EndGlobalSection
	GlobalSection(SolutionProperties) = preSolution
		HideSolutionNode = FALSE
	EndGlobalSection
	GlobalSection(ExtensibilityGlobals) = postSolution
		SolutionGuid = {8C30721B-9876-4C42-B8EE-0F5F5E126B86}
	EndGlobalSection
EndGlobal
